
Microsoft Visual Studio Solution File, Format Version 12.00
# Visual Studio Version 17
VisualStudioVersion = 17.11.35312.102
MinimumVisualStudioVersion = 10.0.40219.1
Project("{FAE04EC0-301F-11D3-BF4B-00C04F79EFBC}") = "Line-game-project3", "Line-game-project3.csproj", "{4C82E33F-5026-4447-A4DD-BB2FD03B7D95}"
EndProject
Global
	GlobalSection(SolutionConfigurationPlatforms) = preSolution
		Debug|Any CPU = Debug|Any CPU
		Release|Any CPU = Release|Any CPU
	EndGlobalSection
	GlobalSection(ProjectConfigurationPlatforms) = postSolution
		{4C82E33F-5026-4447-A4DD-BB2FD03B7D95}.Debug|Any CPU.ActiveCfg = Debug|Any CPU
		{4C82E33F-5026-4447-A4DD-BB2FD03B7D95}.Debug|Any CPU.Build.0 = Debug|Any CPU
		{4C82E33F-5026-4447-A4DD-BB2FD03B7D95}.Release|Any CPU.ActiveCfg = Release|Any CPU
		{4C82E33F-5026-4447-A4DD-BB2FD03B7D95}.Release|Any CPU.Build.0 = Release|Any CPU
	EndGlobalSection
	GlobalSection(SolutionProperties) = preSolution
		HideSolutionNode = FALSE
	EndGlobalSection
	GlobalSection(ExtensibilityGlobals) = postSolution
		SolutionGuid = {2F1F56CB-D8CB-4997-A23A-926D874EC9B3}
	EndGlobalSection
EndGlobal
